// !$*UTF8*$!
{
	archiveVersion = 1;
	classes = {
	};
	objectVersion = 46;
	objects = {

/* Begin PBXBuildFile section */
		4117D28F19F7620600516518 /* pack_id_test.json in Resources */ = {isa = PBXBuildFile; fileRef = 41468A3319F6CCB200351A84 /* pack_id_test.json */; };
		41468A3419F6CCB200351A84 /* pack_id_test.json in Resources */ = {isa = PBXBuildFile; fileRef = 41468A3319F6CCB200351A84 /* pack_id_test.json */; };
		414F93EB19E267CB002BFDE0 /* ResultViewController.swift in Sources */ = {isa = PBXBuildFile; fileRef = 414F93E919E267CB002BFDE0 /* ResultViewController.swift */; };
		414F93EC19E267CB002BFDE0 /* ResultViewController.xib in Resources */ = {isa = PBXBuildFile; fileRef = 414F93EA19E267CB002BFDE0 /* ResultViewController.xib */; };
		41614D1919AE76150020EF58 /* MainTestViewController.swift in Sources */ = {isa = PBXBuildFile; fileRef = 41614D1819AE76150020EF58 /* MainTestViewController.swift */; };
		41614D1D19AE77340020EF58 /* Test.swift in Sources */ = {isa = PBXBuildFile; fileRef = 41614D1C19AE77340020EF58 /* Test.swift */; };
		41614D1F19AE77920020EF58 /* Test1View.xib in Resources */ = {isa = PBXBuildFile; fileRef = 41614D1E19AE77920020EF58 /* Test1View.xib */; };
		41614D2119AE77A40020EF58 /* Test1ViewController.swift in Sources */ = {isa = PBXBuildFile; fileRef = 41614D2019AE77A40020EF58 /* Test1ViewController.swift */; };
		41614D2419AE77E60020EF58 /* Test2View.xib in Resources */ = {isa = PBXBuildFile; fileRef = 41614D2319AE77E60020EF58 /* Test2View.xib */; };
		41614D2619AE77F60020EF58 /* Test2ViewController.swift in Sources */ = {isa = PBXBuildFile; fileRef = 41614D2519AE77F60020EF58 /* Test2ViewController.swift */; };
		41614D2819AFCD6A0020EF58 /* PresentationView.xib in Resources */ = {isa = PBXBuildFile; fileRef = 41614D2719AFCD6A0020EF58 /* PresentationView.xib */; };
		41614D2A19AFCD7E0020EF58 /* PresentationViewController.swift in Sources */ = {isa = PBXBuildFile; fileRef = 41614D2919AFCD7E0020EF58 /* PresentationViewController.swift */; };
		4170CE3619FECB0100BD99A4 /* SampleSentenceViewController.swift in Sources */ = {isa = PBXBuildFile; fileRef = 4170CE3419FECB0100BD99A4 /* SampleSentenceViewController.swift */; };
		4170CE3719FECB0100BD99A4 /* SampleSentenceViewController.xib in Resources */ = {isa = PBXBuildFile; fileRef = 4170CE3519FECB0100BD99A4 /* SampleSentenceViewController.xib */; };
		4170CE3A19FED03F00BD99A4 /* WordPresentationViewController.swift in Sources */ = {isa = PBXBuildFile; fileRef = 4170CE3819FED03F00BD99A4 /* WordPresentationViewController.swift */; };
		4170CE3B19FED03F00BD99A4 /* WordPresentationViewController.xib in Resources */ = {isa = PBXBuildFile; fileRef = 4170CE3919FED03F00BD99A4 /* WordPresentationViewController.xib */; };
		419E510619F998CD0067D31D /* pack_id_1.json in Resources */ = {isa = PBXBuildFile; fileRef = 419E50E619F998CD0067D31D /* pack_id_1.json */; };
		419E510719F998CD0067D31D /* pack_id_2.json in Resources */ = {isa = PBXBuildFile; fileRef = 419E50E719F998CD0067D31D /* pack_id_2.json */; };
		419E510819F998CD0067D31D /* pack_id_3.json in Resources */ = {isa = PBXBuildFile; fileRef = 419E50E819F998CD0067D31D /* pack_id_3.json */; };
		419E510919F998CD0067D31D /* pack_id_4.json in Resources */ = {isa = PBXBuildFile; fileRef = 419E50E919F998CD0067D31D /* pack_id_4.json */; };
		419E510A19F998CD0067D31D /* pack_id_5.json in Resources */ = {isa = PBXBuildFile; fileRef = 419E50EA19F998CD0067D31D /* pack_id_5.json */; };
		419E510B19F998CD0067D31D /* pack_id_6.json in Resources */ = {isa = PBXBuildFile; fileRef = 419E50EB19F998CD0067D31D /* pack_id_6.json */; };
		419E510C19F998CD0067D31D /* pack_id_7.json in Resources */ = {isa = PBXBuildFile; fileRef = 419E50EC19F998CD0067D31D /* pack_id_7.json */; };
		419E510D19F998CD0067D31D /* pack_id_8.json in Resources */ = {isa = PBXBuildFile; fileRef = 419E50ED19F998CD0067D31D /* pack_id_8.json */; };
		419E510E19F998CD0067D31D /* pack_id_9.json in Resources */ = {isa = PBXBuildFile; fileRef = 419E50EE19F998CD0067D31D /* pack_id_9.json */; };
		419E510F19F998CD0067D31D /* pack_id_10.json in Resources */ = {isa = PBXBuildFile; fileRef = 419E50EF19F998CD0067D31D /* pack_id_10.json */; };
		419E511019F998CD0067D31D /* pack_id_11.json in Resources */ = {isa = PBXBuildFile; fileRef = 419E50F019F998CD0067D31D /* pack_id_11.json */; };
		419E511119F998CD0067D31D /* pack_id_12.json in Resources */ = {isa = PBXBuildFile; fileRef = 419E50F119F998CD0067D31D /* pack_id_12.json */; };
		419E511219F998CD0067D31D /* pack_id_13.json in Resources */ = {isa = PBXBuildFile; fileRef = 419E50F219F998CD0067D31D /* pack_id_13.json */; };
		419E511319F998CD0067D31D /* pack_id_14.json in Resources */ = {isa = PBXBuildFile; fileRef = 419E50F319F998CD0067D31D /* pack_id_14.json */; };
		419E511419F998CD0067D31D /* pack_id_15.json in Resources */ = {isa = PBXBuildFile; fileRef = 419E50F419F998CD0067D31D /* pack_id_15.json */; };
		419E511519F998CD0067D31D /* pack_id_16.json in Resources */ = {isa = PBXBuildFile; fileRef = 419E50F519F998CD0067D31D /* pack_id_16.json */; };
		419E511619F998CD0067D31D /* Package-1.json in Resources */ = {isa = PBXBuildFile; fileRef = 419E50F619F998CD0067D31D /* Package-1.json */; };
		419E511719F998CD0067D31D /* Package-2.json in Resources */ = {isa = PBXBuildFile; fileRef = 419E50F719F998CD0067D31D /* Package-2.json */; };
		419E511819F998CD0067D31D /* Package-3.json in Resources */ = {isa = PBXBuildFile; fileRef = 419E50F819F998CD0067D31D /* Package-3.json */; };
		419E511919F998CD0067D31D /* Package-4.json in Resources */ = {isa = PBXBuildFile; fileRef = 419E50F919F998CD0067D31D /* Package-4.json */; };
		419E511A19F998CD0067D31D /* Package-5.json in Resources */ = {isa = PBXBuildFile; fileRef = 419E50FA19F998CD0067D31D /* Package-5.json */; };
		419E511B19F998CD0067D31D /* Package-6.json in Resources */ = {isa = PBXBuildFile; fileRef = 419E50FB19F998CD0067D31D /* Package-6.json */; };
		419E511C19F998CD0067D31D /* Package-7.json in Resources */ = {isa = PBXBuildFile; fileRef = 419E50FC19F998CD0067D31D /* Package-7.json */; };
		419E511D19F998CD0067D31D /* Package-8.json in Resources */ = {isa = PBXBuildFile; fileRef = 419E50FD19F998CD0067D31D /* Package-8.json */; };
		419E511E19F998CD0067D31D /* Package-9.json in Resources */ = {isa = PBXBuildFile; fileRef = 419E50FE19F998CD0067D31D /* Package-9.json */; };
		419E511F19F998CD0067D31D /* Package-10.json in Resources */ = {isa = PBXBuildFile; fileRef = 419E50FF19F998CD0067D31D /* Package-10.json */; };
		419E512019F998CD0067D31D /* Package-11.json in Resources */ = {isa = PBXBuildFile; fileRef = 419E510019F998CD0067D31D /* Package-11.json */; };
		419E512119F998CD0067D31D /* Package-12.json in Resources */ = {isa = PBXBuildFile; fileRef = 419E510119F998CD0067D31D /* Package-12.json */; };
		419E512219F998CD0067D31D /* Package-13.json in Resources */ = {isa = PBXBuildFile; fileRef = 419E510219F998CD0067D31D /* Package-13.json */; };
		419E512319F998CD0067D31D /* Package-14.json in Resources */ = {isa = PBXBuildFile; fileRef = 419E510319F998CD0067D31D /* Package-14.json */; };
		419E512419F998CD0067D31D /* Package-15.json in Resources */ = {isa = PBXBuildFile; fileRef = 419E510419F998CD0067D31D /* Package-15.json */; };
		419E512519F998CD0067D31D /* Package-16.json in Resources */ = {isa = PBXBuildFile; fileRef = 419E510519F998CD0067D31D /* Package-16.json */; };
		41A0634219A90E7100E400D1 /* AppDelegate.swift in Sources */ = {isa = PBXBuildFile; fileRef = 41A0634119A90E7100E400D1 /* AppDelegate.swift */; };
		41A0634919A90E7100E400D1 /* Main.storyboard in Resources */ = {isa = PBXBuildFile; fileRef = 41A0634719A90E7100E400D1 /* Main.storyboard */; };
		41A0634B19A90E7100E400D1 /* Images.xcassets in Resources */ = {isa = PBXBuildFile; fileRef = 41A0634A19A90E7100E400D1 /* Images.xcassets */; };
		41A0635719A90E7100E400D1 /* SunflowerTests.swift in Sources */ = {isa = PBXBuildFile; fileRef = 41A0635619A90E7100E400D1 /* SunflowerTests.swift */; };
		41B2D0EC1A00CDF000D46EFE /* DateExtention.swift in Sources */ = {isa = PBXBuildFile; fileRef = 41B2D0EB1A00CDF000D46EFE /* DateExtention.swift */; };
		41BAB3001A018FD300800249 /* MainViewController.swift in Sources */ = {isa = PBXBuildFile; fileRef = 41BAB2FF1A018FD300800249 /* MainViewController.swift */; };
		41BAB3021A01926A00800249 /* MainTableCellTableViewCell.swift in Sources */ = {isa = PBXBuildFile; fileRef = 41BAB3011A01926A00800249 /* MainTableCellTableViewCell.swift */; };
		41D1E3CA19BF8FFB001E86F3 /* WordTests.swift in Sources */ = {isa = PBXBuildFile; fileRef = 41D1E3C919BF8FFB001E86F3 /* WordTests.swift */; };
		41D415E219A9D84F0038EFE6 /* Word.swift in Sources */ = {isa = PBXBuildFile; fileRef = 41D415E119A9D84F0038EFE6 /* Word.swift */; };
		41D415E519A9D8CE0038EFE6 /* LearnerController.swift in Sources */ = {isa = PBXBuildFile; fileRef = 41D415E419A9D8CE0038EFE6 /* LearnerController.swift */; };
		41D415E719A9DF140038EFE6 /* LeanerControllerTests.swift in Sources */ = {isa = PBXBuildFile; fileRef = 41D415E619A9DF140038EFE6 /* LeanerControllerTests.swift */; };
		41D415F119AA6E490038EFE6 /* RawPackage.swift in Sources */ = {isa = PBXBuildFile; fileRef = 41D415F019AA6E490038EFE6 /* RawPackage.swift */; };
		41EA254D19AA876B0045402E /* LearnerController.swift in Sources */ = {isa = PBXBuildFile; fileRef = 41D415E419A9D8CE0038EFE6 /* LearnerController.swift */; };
		41EA254E19AA877B0045402E /* RawPackage.swift in Sources */ = {isa = PBXBuildFile; fileRef = 41D415F019AA6E490038EFE6 /* RawPackage.swift */; };
		41EA254F19AB05EC0045402E /* Word.swift in Sources */ = {isa = PBXBuildFile; fileRef = 41D415E119A9D84F0038EFE6 /* Word.swift */; };
		D92B013519D99E9400CE11A8 /* ArrayExtension.swift in Sources */ = {isa = PBXBuildFile; fileRef = D92B013419D99E9400CE11A8 /* ArrayExtension.swift */; };
		D92B013719D9A0BF00CE11A8 /* ArrayExtension.swift in Sources */ = {isa = PBXBuildFile; fileRef = D92B013419D99E9400CE11A8 /* ArrayExtension.swift */; };
		D958A80E19C9A27000964C3D /* DocumentHelper.swift in Sources */ = {isa = PBXBuildFile; fileRef = D958A80D19C9A27000964C3D /* DocumentHelper.swift */; };
		D958A80F19C9A44B00964C3D /* DocumentHelper.swift in Sources */ = {isa = PBXBuildFile; fileRef = D958A80D19C9A27000964C3D /* DocumentHelper.swift */; };
		D961BE2F19AF3E3A009EDE25 /* TestBaseViewController.swift in Sources */ = {isa = PBXBuildFile; fileRef = D961BE2E19AF3E3A009EDE25 /* TestBaseViewController.swift */; };
		D97E88E619F52D1900B7FE4E /* Sentence.swift in Sources */ = {isa = PBXBuildFile; fileRef = D97E88E519F52D1900B7FE4E /* Sentence.swift */; };
		D97E88E719F5410400B7FE4E /* Sentence.swift in Sources */ = {isa = PBXBuildFile; fileRef = D97E88E519F52D1900B7FE4E /* Sentence.swift */; };
		D97E88EE19F5438D00B7FE4E /* JSONHelper.swift in Sources */ = {isa = PBXBuildFile; fileRef = D97E88ED19F5438D00B7FE4E /* JSONHelper.swift */; };
		D97E88F419F5526300B7FE4E /* jsonHelperTests.swift in Sources */ = {isa = PBXBuildFile; fileRef = D97E88F319F5526300B7FE4E /* jsonHelperTests.swift */; };
		D97E88F519F5528100B7FE4E /* JSONHelper.swift in Sources */ = {isa = PBXBuildFile; fileRef = D97E88ED19F5438D00B7FE4E /* JSONHelper.swift */; };
		D9B246C019C583FA00E4737C /* LearningPackController.swift in Sources */ = {isa = PBXBuildFile; fileRef = D9B246BF19C583FA00E4737C /* LearningPackController.swift */; };
		D9B246C219C5841200E4737C /* LearningPackModel.swift in Sources */ = {isa = PBXBuildFile; fileRef = D9B246C119C5841200E4737C /* LearningPackModel.swift */; };
		D9B246C319C5E7FF00E4737C /* LearningPackModel.swift in Sources */ = {isa = PBXBuildFile; fileRef = D9B246C119C5841200E4737C /* LearningPackModel.swift */; };
		D9B246C419C5E8B500E4737C /* LearningPackController.swift in Sources */ = {isa = PBXBuildFile; fileRef = D9B246BF19C583FA00E4737C /* LearningPackController.swift */; };
		D9D43F3219B8647C00E420B0 /* LearningStage.swift in Sources */ = {isa = PBXBuildFile; fileRef = D9D43F3119B8647C00E420B0 /* LearningStage.swift */; };
		D9D43F3319B8655C00E420B0 /* LearningStage.swift in Sources */ = {isa = PBXBuildFile; fileRef = D9D43F3119B8647C00E420B0 /* LearningStage.swift */; };
		D9FD437919B0CDB900984399 /* Test.swift in Sources */ = {isa = PBXBuildFile; fileRef = 41614D1C19AE77340020EF58 /* Test.swift */; };
/* End PBXBuildFile section */

/* Begin PBXContainerItemProxy section */
		41A0635119A90E7100E400D1 /* PBXContainerItemProxy */ = {
			isa = PBXContainerItemProxy;
			containerPortal = 41A0633419A90E7000E400D1 /* Project object */;
			proxyType = 1;
			remoteGlobalIDString = 41A0633B19A90E7000E400D1;
			remoteInfo = Sunflower;
		};
/* End PBXContainerItemProxy section */

/* Begin PBXFileReference section */
		41468A3319F6CCB200351A84 /* pack_id_test.json */ = {isa = PBXFileReference; fileEncoding = 4; lastKnownFileType = text.json; path = pack_id_test.json; sourceTree = "<group>"; };
		414F93E919E267CB002BFDE0 /* ResultViewController.swift */ = {isa = PBXFileReference; fileEncoding = 4; lastKnownFileType = sourcecode.swift; path = ResultViewController.swift; sourceTree = "<group>"; };
		414F93EA19E267CB002BFDE0 /* ResultViewController.xib */ = {isa = PBXFileReference; fileEncoding = 4; lastKnownFileType = file.xib; path = ResultViewController.xib; sourceTree = "<group>"; };
		41614D1819AE76150020EF58 /* MainTestViewController.swift */ = {isa = PBXFileReference; fileEncoding = 4; lastKnownFileType = sourcecode.swift; path = MainTestViewController.swift; sourceTree = "<group>"; };
		41614D1C19AE77340020EF58 /* Test.swift */ = {isa = PBXFileReference; fileEncoding = 4; lastKnownFileType = sourcecode.swift; path = Test.swift; sourceTree = "<group>"; };
		41614D1E19AE77920020EF58 /* Test1View.xib */ = {isa = PBXFileReference; fileEncoding = 4; lastKnownFileType = file.xib; path = Test1View.xib; sourceTree = "<group>"; };
		41614D2019AE77A40020EF58 /* Test1ViewController.swift */ = {isa = PBXFileReference; fileEncoding = 4; lastKnownFileType = sourcecode.swift; path = Test1ViewController.swift; sourceTree = "<group>"; };
		41614D2319AE77E60020EF58 /* Test2View.xib */ = {isa = PBXFileReference; fileEncoding = 4; lastKnownFileType = file.xib; path = Test2View.xib; sourceTree = "<group>"; };
		41614D2519AE77F60020EF58 /* Test2ViewController.swift */ = {isa = PBXFileReference; fileEncoding = 4; lastKnownFileType = sourcecode.swift; path = Test2ViewController.swift; sourceTree = "<group>"; };
		41614D2719AFCD6A0020EF58 /* PresentationView.xib */ = {isa = PBXFileReference; fileEncoding = 4; lastKnownFileType = file.xib; path = PresentationView.xib; sourceTree = "<group>"; };
		41614D2919AFCD7E0020EF58 /* PresentationViewController.swift */ = {isa = PBXFileReference; fileEncoding = 4; lastKnownFileType = sourcecode.swift; path = PresentationViewController.swift; sourceTree = "<group>"; };
		4170CE3419FECB0100BD99A4 /* SampleSentenceViewController.swift */ = {isa = PBXFileReference; fileEncoding = 4; lastKnownFileType = sourcecode.swift; path = SampleSentenceViewController.swift; sourceTree = "<group>"; };
		4170CE3519FECB0100BD99A4 /* SampleSentenceViewController.xib */ = {isa = PBXFileReference; fileEncoding = 4; lastKnownFileType = file.xib; path = SampleSentenceViewController.xib; sourceTree = "<group>"; };
		4170CE3819FED03F00BD99A4 /* WordPresentationViewController.swift */ = {isa = PBXFileReference; fileEncoding = 4; lastKnownFileType = sourcecode.swift; path = WordPresentationViewController.swift; sourceTree = "<group>"; };
		4170CE3919FED03F00BD99A4 /* WordPresentationViewController.xib */ = {isa = PBXFileReference; fileEncoding = 4; lastKnownFileType = file.xib; path = WordPresentationViewController.xib; sourceTree = "<group>"; };
		419E50E619F998CD0067D31D /* pack_id_1.json */ = {isa = PBXFileReference; fileEncoding = 4; lastKnownFileType = text.json; path = pack_id_1.json; sourceTree = "<group>"; };
		419E50E719F998CD0067D31D /* pack_id_2.json */ = {isa = PBXFileReference; fileEncoding = 4; lastKnownFileType = text.json; path = pack_id_2.json; sourceTree = "<group>"; };
		419E50E819F998CD0067D31D /* pack_id_3.json */ = {isa = PBXFileReference; fileEncoding = 4; lastKnownFileType = text.json; path = pack_id_3.json; sourceTree = "<group>"; };
		419E50E919F998CD0067D31D /* pack_id_4.json */ = {isa = PBXFileReference; fileEncoding = 4; lastKnownFileType = text.json; path = pack_id_4.json; sourceTree = "<group>"; };
		419E50EA19F998CD0067D31D /* pack_id_5.json */ = {isa = PBXFileReference; fileEncoding = 4; lastKnownFileType = text.json; path = pack_id_5.json; sourceTree = "<group>"; };
		419E50EB19F998CD0067D31D /* pack_id_6.json */ = {isa = PBXFileReference; fileEncoding = 4; lastKnownFileType = text.json; path = pack_id_6.json; sourceTree = "<group>"; };
		419E50EC19F998CD0067D31D /* pack_id_7.json */ = {isa = PBXFileReference; fileEncoding = 4; lastKnownFileType = text.json; path = pack_id_7.json; sourceTree = "<group>"; };
		419E50ED19F998CD0067D31D /* pack_id_8.json */ = {isa = PBXFileReference; fileEncoding = 4; lastKnownFileType = text.json; path = pack_id_8.json; sourceTree = "<group>"; };
		419E50EE19F998CD0067D31D /* pack_id_9.json */ = {isa = PBXFileReference; fileEncoding = 4; lastKnownFileType = text.json; path = pack_id_9.json; sourceTree = "<group>"; };
		419E50EF19F998CD0067D31D /* pack_id_10.json */ = {isa = PBXFileReference; fileEncoding = 4; lastKnownFileType = text.json; path = pack_id_10.json; sourceTree = "<group>"; };
		419E50F019F998CD0067D31D /* pack_id_11.json */ = {isa = PBXFileReference; fileEncoding = 4; lastKnownFileType = text.json; path = pack_id_11.json; sourceTree = "<group>"; };
		419E50F119F998CD0067D31D /* pack_id_12.json */ = {isa = PBXFileReference; fileEncoding = 4; lastKnownFileType = text.json; path = pack_id_12.json; sourceTree = "<group>"; };
		419E50F219F998CD0067D31D /* pack_id_13.json */ = {isa = PBXFileReference; fileEncoding = 4; lastKnownFileType = text.json; path = pack_id_13.json; sourceTree = "<group>"; };
		419E50F319F998CD0067D31D /* pack_id_14.json */ = {isa = PBXFileReference; fileEncoding = 4; lastKnownFileType = text.json; path = pack_id_14.json; sourceTree = "<group>"; };
		419E50F419F998CD0067D31D /* pack_id_15.json */ = {isa = PBXFileReference; fileEncoding = 4; lastKnownFileType = text.json; path = pack_id_15.json; sourceTree = "<group>"; };
		419E50F519F998CD0067D31D /* pack_id_16.json */ = {isa = PBXFileReference; fileEncoding = 4; lastKnownFileType = text.json; path = pack_id_16.json; sourceTree = "<group>"; };
		419E50F619F998CD0067D31D /* Package-1.json */ = {isa = PBXFileReference; fileEncoding = 4; lastKnownFileType = text.json; path = "Package-1.json"; sourceTree = "<group>"; };
		419E50F719F998CD0067D31D /* Package-2.json */ = {isa = PBXFileReference; fileEncoding = 4; lastKnownFileType = text.json; path = "Package-2.json"; sourceTree = "<group>"; };
		419E50F819F998CD0067D31D /* Package-3.json */ = {isa = PBXFileReference; fileEncoding = 4; lastKnownFileType = text.json; path = "Package-3.json"; sourceTree = "<group>"; };
		419E50F919F998CD0067D31D /* Package-4.json */ = {isa = PBXFileReference; fileEncoding = 4; lastKnownFileType = text.json; path = "Package-4.json"; sourceTree = "<group>"; };
		419E50FA19F998CD0067D31D /* Package-5.json */ = {isa = PBXFileReference; fileEncoding = 4; lastKnownFileType = text.json; path = "Package-5.json"; sourceTree = "<group>"; };
		419E50FB19F998CD0067D31D /* Package-6.json */ = {isa = PBXFileReference; fileEncoding = 4; lastKnownFileType = text.json; path = "Package-6.json"; sourceTree = "<group>"; };
		419E50FC19F998CD0067D31D /* Package-7.json */ = {isa = PBXFileReference; fileEncoding = 4; lastKnownFileType = text.json; path = "Package-7.json"; sourceTree = "<group>"; };
		419E50FD19F998CD0067D31D /* Package-8.json */ = {isa = PBXFileReference; fileEncoding = 4; lastKnownFileType = text.json; path = "Package-8.json"; sourceTree = "<group>"; };
		419E50FE19F998CD0067D31D /* Package-9.json */ = {isa = PBXFileReference; fileEncoding = 4; lastKnownFileType = text.json; path = "Package-9.json"; sourceTree = "<group>"; };
		419E50FF19F998CD0067D31D /* Package-10.json */ = {isa = PBXFileReference; fileEncoding = 4; lastKnownFileType = text.json; path = "Package-10.json"; sourceTree = "<group>"; };
		419E510019F998CD0067D31D /* Package-11.json */ = {isa = PBXFileReference; fileEncoding = 4; lastKnownFileType = text.json; path = "Package-11.json"; sourceTree = "<group>"; };
		419E510119F998CD0067D31D /* Package-12.json */ = {isa = PBXFileReference; fileEncoding = 4; lastKnownFileType = text.json; path = "Package-12.json"; sourceTree = "<group>"; };
		419E510219F998CD0067D31D /* Package-13.json */ = {isa = PBXFileReference; fileEncoding = 4; lastKnownFileType = text.json; path = "Package-13.json"; sourceTree = "<group>"; };
		419E510319F998CD0067D31D /* Package-14.json */ = {isa = PBXFileReference; fileEncoding = 4; lastKnownFileType = text.json; path = "Package-14.json"; sourceTree = "<group>"; };
		419E510419F998CD0067D31D /* Package-15.json */ = {isa = PBXFileReference; fileEncoding = 4; lastKnownFileType = text.json; path = "Package-15.json"; sourceTree = "<group>"; };
		419E510519F998CD0067D31D /* Package-16.json */ = {isa = PBXFileReference; fileEncoding = 4; lastKnownFileType = text.json; path = "Package-16.json"; sourceTree = "<group>"; };
		41A0633C19A90E7000E400D1 /* Sunflower.app */ = {isa = PBXFileReference; explicitFileType = wrapper.application; includeInIndex = 0; path = Sunflower.app; sourceTree = BUILT_PRODUCTS_DIR; };
		41A0634019A90E7100E400D1 /* Info.plist */ = {isa = PBXFileReference; lastKnownFileType = text.plist.xml; path = Info.plist; sourceTree = "<group>"; };
		41A0634119A90E7100E400D1 /* AppDelegate.swift */ = {isa = PBXFileReference; lastKnownFileType = sourcecode.swift; path = AppDelegate.swift; sourceTree = "<group>"; };
		41A0634819A90E7100E400D1 /* Base */ = {isa = PBXFileReference; lastKnownFileType = file.storyboard; name = Base; path = Base.lproj/Main.storyboard; sourceTree = "<group>"; };
		41A0634A19A90E7100E400D1 /* Images.xcassets */ = {isa = PBXFileReference; lastKnownFileType = folder.assetcatalog; path = Images.xcassets; sourceTree = "<group>"; };
		41A0635019A90E7100E400D1 /* SunflowerTests.xctest */ = {isa = PBXFileReference; explicitFileType = wrapper.cfbundle; includeInIndex = 0; path = SunflowerTests.xctest; sourceTree = BUILT_PRODUCTS_DIR; };
		41A0635519A90E7100E400D1 /* Info.plist */ = {isa = PBXFileReference; lastKnownFileType = text.plist.xml; path = Info.plist; sourceTree = "<group>"; };
		41A0635619A90E7100E400D1 /* SunflowerTests.swift */ = {isa = PBXFileReference; lastKnownFileType = sourcecode.swift; path = SunflowerTests.swift; sourceTree = "<group>"; };
		41B2D0EB1A00CDF000D46EFE /* DateExtention.swift */ = {isa = PBXFileReference; fileEncoding = 4; lastKnownFileType = sourcecode.swift; path = DateExtention.swift; sourceTree = "<group>"; };
		41BAB2FF1A018FD300800249 /* MainViewController.swift */ = {isa = PBXFileReference; fileEncoding = 4; lastKnownFileType = sourcecode.swift; path = MainViewController.swift; sourceTree = "<group>"; };
		41BAB3011A01926A00800249 /* MainTableCellTableViewCell.swift */ = {isa = PBXFileReference; fileEncoding = 4; lastKnownFileType = sourcecode.swift; path = MainTableCellTableViewCell.swift; sourceTree = "<group>"; };
		41D1E3C919BF8FFB001E86F3 /* WordTests.swift */ = {isa = PBXFileReference; fileEncoding = 4; lastKnownFileType = sourcecode.swift; path = WordTests.swift; sourceTree = "<group>"; };
		41D415E119A9D84F0038EFE6 /* Word.swift */ = {isa = PBXFileReference; fileEncoding = 4; lastKnownFileType = sourcecode.swift; path = Word.swift; sourceTree = "<group>"; };
		41D415E419A9D8CE0038EFE6 /* LearnerController.swift */ = {isa = PBXFileReference; fileEncoding = 4; lastKnownFileType = sourcecode.swift; path = LearnerController.swift; sourceTree = "<group>"; };
		41D415E619A9DF140038EFE6 /* LeanerControllerTests.swift */ = {isa = PBXFileReference; fileEncoding = 4; lastKnownFileType = sourcecode.swift; path = LeanerControllerTests.swift; sourceTree = "<group>"; };
		41D415F019AA6E490038EFE6 /* RawPackage.swift */ = {isa = PBXFileReference; fileEncoding = 4; lastKnownFileType = sourcecode.swift; path = RawPackage.swift; sourceTree = "<group>"; };
		D92B013419D99E9400CE11A8 /* ArrayExtension.swift */ = {isa = PBXFileReference; fileEncoding = 4; lastKnownFileType = sourcecode.swift; path = ArrayExtension.swift; sourceTree = "<group>"; };
		D958A80D19C9A27000964C3D /* DocumentHelper.swift */ = {isa = PBXFileReference; fileEncoding = 4; lastKnownFileType = sourcecode.swift; path = DocumentHelper.swift; sourceTree = "<group>"; };
		D961BE2E19AF3E3A009EDE25 /* TestBaseViewController.swift */ = {isa = PBXFileReference; fileEncoding = 4; lastKnownFileType = sourcecode.swift; path = TestBaseViewController.swift; sourceTree = "<group>"; };
		D97E88E519F52D1900B7FE4E /* Sentence.swift */ = {isa = PBXFileReference; fileEncoding = 4; lastKnownFileType = sourcecode.swift; path = Sentence.swift; sourceTree = "<group>"; };
		D97E88ED19F5438D00B7FE4E /* JSONHelper.swift */ = {isa = PBXFileReference; fileEncoding = 4; lastKnownFileType = sourcecode.swift; path = JSONHelper.swift; sourceTree = "<group>"; };
		D97E88F319F5526300B7FE4E /* jsonHelperTests.swift */ = {isa = PBXFileReference; fileEncoding = 4; lastKnownFileType = sourcecode.swift; path = jsonHelperTests.swift; sourceTree = "<group>"; };
		D9B246BF19C583FA00E4737C /* LearningPackController.swift */ = {isa = PBXFileReference; fileEncoding = 4; lastKnownFileType = sourcecode.swift; path = LearningPackController.swift; sourceTree = "<group>"; };
		D9B246C119C5841200E4737C /* LearningPackModel.swift */ = {isa = PBXFileReference; fileEncoding = 4; lastKnownFileType = sourcecode.swift; path = LearningPackModel.swift; sourceTree = "<group>"; };
		D9D43F3119B8647C00E420B0 /* LearningStage.swift */ = {isa = PBXFileReference; fileEncoding = 4; lastKnownFileType = sourcecode.swift; path = LearningStage.swift; sourceTree = "<group>"; };
/* End PBXFileReference section */

/* Begin PBXFrameworksBuildPhase section */
		41A0633919A90E7000E400D1 /* Frameworks */ = {
			isa = PBXFrameworksBuildPhase;
			buildActionMask = 2147483647;
			files = (
			);
			runOnlyForDeploymentPostprocessing = 0;
		};
		41A0634D19A90E7100E400D1 /* Frameworks */ = {
			isa = PBXFrameworksBuildPhase;
			buildActionMask = 2147483647;
			files = (
			);
			runOnlyForDeploymentPostprocessing = 0;
		};
/* End PBXFrameworksBuildPhase section */

/* Begin PBXGroup section */
		414F93E819E267A3002BFDE0 /* Test Result */ = {
			isa = PBXGroup;
			children = (
				414F93E919E267CB002BFDE0 /* ResultViewController.swift */,
				414F93EA19E267CB002BFDE0 /* ResultViewController.xib */,
			);
			name = "Test Result";
			sourceTree = "<group>";
		};
		41614D1719AE76040020EF58 /* ViewControllers */ = {
			isa = PBXGroup;
			children = (
				41614D1819AE76150020EF58 /* MainTestViewController.swift */,
				41614D2219AE77C00020EF58 /* Tests */,
				414F93E819E267A3002BFDE0 /* Test Result */,
				41BAB2FF1A018FD300800249 /* MainViewController.swift */,
				41BAB3011A01926A00800249 /* MainTableCellTableViewCell.swift */,
			);
			name = ViewControllers;
			sourceTree = "<group>";
		};
		41614D2219AE77C00020EF58 /* Tests */ = {
			isa = PBXGroup;
			children = (
				D961BE2E19AF3E3A009EDE25 /* TestBaseViewController.swift */,
				41614D1E19AE77920020EF58 /* Test1View.xib */,
				41614D2019AE77A40020EF58 /* Test1ViewController.swift */,
				41614D2319AE77E60020EF58 /* Test2View.xib */,
				41614D2519AE77F60020EF58 /* Test2ViewController.swift */,
				41614D2719AFCD6A0020EF58 /* PresentationView.xib */,
				41614D2919AFCD7E0020EF58 /* PresentationViewController.swift */,
				4170CE3419FECB0100BD99A4 /* SampleSentenceViewController.swift */,
				4170CE3519FECB0100BD99A4 /* SampleSentenceViewController.xib */,
				4170CE3819FED03F00BD99A4 /* WordPresentationViewController.swift */,
				4170CE3919FED03F00BD99A4 /* WordPresentationViewController.xib */,
			);
			name = Tests;
			sourceTree = "<group>";
		};
		41A0633319A90E7000E400D1 = {
			isa = PBXGroup;
			children = (
				41A0633E19A90E7000E400D1 /* Sunflower */,
				41A0635319A90E7100E400D1 /* SunflowerTests */,
				41A0633D19A90E7000E400D1 /* Products */,
			);
			sourceTree = "<group>";
		};
		41A0633D19A90E7000E400D1 /* Products */ = {
			isa = PBXGroup;
			children = (
				41A0633C19A90E7000E400D1 /* Sunflower.app */,
				41A0635019A90E7100E400D1 /* SunflowerTests.xctest */,
			);
			name = Products;
			sourceTree = "<group>";
		};
		41A0633E19A90E7000E400D1 /* Sunflower */ = {
			isa = PBXGroup;
			children = (
				41614D1719AE76040020EF58 /* ViewControllers */,
				41D415E319A9D8B30038EFE6 /* Controller */,
				41D415E019A9D83C0038EFE6 /* Models */,
				41A0636119A9511200E400D1 /* Resources */,
				41A0636019A9510800E400D1 /* Helpers */,
				41A0634119A90E7100E400D1 /* AppDelegate.swift */,
				41A0634719A90E7100E400D1 /* Main.storyboard */,
				41A0634A19A90E7100E400D1 /* Images.xcassets */,
				41A0633F19A90E7000E400D1 /* Supporting Files */,
			);
			path = Sunflower;
			sourceTree = "<group>";
		};
		41A0633F19A90E7000E400D1 /* Supporting Files */ = {
			isa = PBXGroup;
			children = (
				41A0634019A90E7100E400D1 /* Info.plist */,
			);
			name = "Supporting Files";
			sourceTree = "<group>";
		};
		41A0635319A90E7100E400D1 /* SunflowerTests */ = {
			isa = PBXGroup;
			children = (
				41A0635619A90E7100E400D1 /* SunflowerTests.swift */,
				41D415E619A9DF140038EFE6 /* LeanerControllerTests.swift */,
				41D1E3C919BF8FFB001E86F3 /* WordTests.swift */,
				D97E88F319F5526300B7FE4E /* jsonHelperTests.swift */,
				41A0635419A90E7100E400D1 /* Supporting Files */,
			);
			path = SunflowerTests;
			sourceTree = "<group>";
		};
		41A0635419A90E7100E400D1 /* Supporting Files */ = {
			isa = PBXGroup;
			children = (
				41468A3319F6CCB200351A84 /* pack_id_test.json */,
				41A0635519A90E7100E400D1 /* Info.plist */,
			);
			name = "Supporting Files";
			sourceTree = "<group>";
		};
		41A0636019A9510800E400D1 /* Helpers */ = {
			isa = PBXGroup;
			children = (
				D9D43F3119B8647C00E420B0 /* LearningStage.swift */,
				D958A80D19C9A27000964C3D /* DocumentHelper.swift */,
				D92B013419D99E9400CE11A8 /* ArrayExtension.swift */,
				D97E88ED19F5438D00B7FE4E /* JSONHelper.swift */,
				41B2D0EB1A00CDF000D46EFE /* DateExtention.swift */,
			);
			name = Helpers;
			sourceTree = "<group>";
		};
		41A0636119A9511200E400D1 /* Resources */ = {
			isa = PBXGroup;
			children = (
				D97E88E819F5420C00B7FE4E /* JSON Packs */,
				41A0636219A9511800E400D1 /* Pack Manager */,
			);
			name = Resources;
			sourceTree = "<group>";
		};
		41A0636219A9511800E400D1 /* Pack Manager */ = {
			isa = PBXGroup;
			children = (
				41D415F019AA6E490038EFE6 /* RawPackage.swift */,
			);
			name = "Pack Manager";
			sourceTree = "<group>";
		};
		41D415E019A9D83C0038EFE6 /* Models */ = {
			isa = PBXGroup;
			children = (
				41D415E119A9D84F0038EFE6 /* Word.swift */,
				41614D1C19AE77340020EF58 /* Test.swift */,
				D9B246C119C5841200E4737C /* LearningPackModel.swift */,
				D97E88E519F52D1900B7FE4E /* Sentence.swift */,
			);
			name = Models;
			sourceTree = "<group>";
		};
		41D415E319A9D8B30038EFE6 /* Controller */ = {
			isa = PBXGroup;
			children = (
				41D415E419A9D8CE0038EFE6 /* LearnerController.swift */,
				D9B246BF19C583FA00E4737C /* LearningPackController.swift */,
			);
			name = Controller;
			sourceTree = "<group>";
		};
		D97E88E819F5420C00B7FE4E /* JSON Packs */ = {
			isa = PBXGroup;
			children = (
				419E50E619F998CD0067D31D /* pack_id_1.json */,
				419E50E719F998CD0067D31D /* pack_id_2.json */,
				419E50E819F998CD0067D31D /* pack_id_3.json */,
				419E50E919F998CD0067D31D /* pack_id_4.json */,
				419E50EA19F998CD0067D31D /* pack_id_5.json */,
				419E50EB19F998CD0067D31D /* pack_id_6.json */,
				419E50EC19F998CD0067D31D /* pack_id_7.json */,
				419E50ED19F998CD0067D31D /* pack_id_8.json */,
				419E50EE19F998CD0067D31D /* pack_id_9.json */,
				419E50EF19F998CD0067D31D /* pack_id_10.json */,
				419E50F019F998CD0067D31D /* pack_id_11.json */,
				419E50F119F998CD0067D31D /* pack_id_12.json */,
				419E50F219F998CD0067D31D /* pack_id_13.json */,
				419E50F319F998CD0067D31D /* pack_id_14.json */,
				419E50F419F998CD0067D31D /* pack_id_15.json */,
				419E50F519F998CD0067D31D /* pack_id_16.json */,
				419E50F619F998CD0067D31D /* Package-1.json */,
				419E50F719F998CD0067D31D /* Package-2.json */,
				419E50F819F998CD0067D31D /* Package-3.json */,
				419E50F919F998CD0067D31D /* Package-4.json */,
				419E50FA19F998CD0067D31D /* Package-5.json */,
				419E50FB19F998CD0067D31D /* Package-6.json */,
				419E50FC19F998CD0067D31D /* Package-7.json */,
				419E50FD19F998CD0067D31D /* Package-8.json */,
				419E50FE19F998CD0067D31D /* Package-9.json */,
				419E50FF19F998CD0067D31D /* Package-10.json */,
				419E510019F998CD0067D31D /* Package-11.json */,
				419E510119F998CD0067D31D /* Package-12.json */,
				419E510219F998CD0067D31D /* Package-13.json */,
				419E510319F998CD0067D31D /* Package-14.json */,
				419E510419F998CD0067D31D /* Package-15.json */,
				419E510519F998CD0067D31D /* Package-16.json */,
			);
			name = "JSON Packs";
			sourceTree = "<group>";
		};
/* End PBXGroup section */

/* Begin PBXNativeTarget section */
		41A0633B19A90E7000E400D1 /* Sunflower */ = {
			isa = PBXNativeTarget;
			buildConfigurationList = 41A0635A19A90E7100E400D1 /* Build configuration list for PBXNativeTarget "Sunflower" */;
			buildPhases = (
				41A0633819A90E7000E400D1 /* Sources */,
				41A0633919A90E7000E400D1 /* Frameworks */,
				41A0633A19A90E7000E400D1 /* Resources */,
			);
			buildRules = (
			);
			dependencies = (
			);
			name = Sunflower;
			productName = Sunflower;
			productReference = 41A0633C19A90E7000E400D1 /* Sunflower.app */;
			productType = "com.apple.product-type.application";
		};
		41A0634F19A90E7100E400D1 /* SunflowerTests */ = {
			isa = PBXNativeTarget;
			buildConfigurationList = 41A0635D19A90E7100E400D1 /* Build configuration list for PBXNativeTarget "SunflowerTests" */;
			buildPhases = (
				41A0634C19A90E7100E400D1 /* Sources */,
				41A0634D19A90E7100E400D1 /* Frameworks */,
				41A0634E19A90E7100E400D1 /* Resources */,
			);
			buildRules = (
			);
			dependencies = (
				41A0635219A90E7100E400D1 /* PBXTargetDependency */,
			);
			name = SunflowerTests;
			productName = SunflowerTests;
			productReference = 41A0635019A90E7100E400D1 /* SunflowerTests.xctest */;
			productType = "com.apple.product-type.bundle.unit-test";
		};
/* End PBXNativeTarget section */

/* Begin PBXProject section */
		41A0633419A90E7000E400D1 /* Project object */ = {
			isa = PBXProject;
			attributes = {
				LastUpgradeCheck = 0600;
				ORGANIZATIONNAME = "Arash K.";
				TargetAttributes = {
					41A0633B19A90E7000E400D1 = {
						CreatedOnToolsVersion = 6.0;
					};
					41A0634F19A90E7100E400D1 = {
						CreatedOnToolsVersion = 6.0;
						TestTargetID = 41A0633B19A90E7000E400D1;
					};
				};
			};
			buildConfigurationList = 41A0633719A90E7000E400D1 /* Build configuration list for PBXProject "Sunflower" */;
			compatibilityVersion = "Xcode 3.2";
			developmentRegion = English;
			hasScannedForEncodings = 0;
			knownRegions = (
				en,
				Base,
			);
			mainGroup = 41A0633319A90E7000E400D1;
			productRefGroup = 41A0633D19A90E7000E400D1 /* Products */;
			projectDirPath = "";
			projectRoot = "";
			targets = (
				41A0633B19A90E7000E400D1 /* Sunflower */,
				41A0634F19A90E7100E400D1 /* SunflowerTests */,
			);
		};
/* End PBXProject section */

/* Begin PBXResourcesBuildPhase section */
		41A0633A19A90E7000E400D1 /* Resources */ = {
			isa = PBXResourcesBuildPhase;
			buildActionMask = 2147483647;
			files = (
				419E512419F998CD0067D31D /* Package-15.json in Resources */,
				419E511919F998CD0067D31D /* Package-4.json in Resources */,
				419E511819F998CD0067D31D /* Package-3.json in Resources */,
				419E511619F998CD0067D31D /* Package-1.json in Resources */,
				419E511F19F998CD0067D31D /* Package-10.json in Resources */,
				419E511319F998CD0067D31D /* pack_id_14.json in Resources */,
				419E510919F998CD0067D31D /* pack_id_4.json in Resources */,
				419E511219F998CD0067D31D /* pack_id_13.json in Resources */,
				419E512119F998CD0067D31D /* Package-12.json in Resources */,
				419E511C19F998CD0067D31D /* Package-7.json in Resources */,
				419E510C19F998CD0067D31D /* pack_id_7.json in Resources */,
				419E511E19F998CD0067D31D /* Package-9.json in Resources */,
				419E510719F998CD0067D31D /* pack_id_2.json in Resources */,
				419E512219F998CD0067D31D /* Package-13.json in Resources */,
				4170CE3719FECB0100BD99A4 /* SampleSentenceViewController.xib in Resources */,
				41614D2819AFCD6A0020EF58 /* PresentationView.xib in Resources */,
				419E512519F998CD0067D31D /* Package-16.json in Resources */,
				419E510619F998CD0067D31D /* pack_id_1.json in Resources */,
				414F93EC19E267CB002BFDE0 /* ResultViewController.xib in Resources */,
				41A0634919A90E7100E400D1 /* Main.storyboard in Resources */,
				4170CE3B19FED03F00BD99A4 /* WordPresentationViewController.xib in Resources */,
				41A0634B19A90E7100E400D1 /* Images.xcassets in Resources */,
				41614D1F19AE77920020EF58 /* Test1View.xib in Resources */,
				419E511019F998CD0067D31D /* pack_id_11.json in Resources */,
				419E512319F998CD0067D31D /* Package-14.json in Resources */,
				419E510E19F998CD0067D31D /* pack_id_9.json in Resources */,
				419E511A19F998CD0067D31D /* Package-5.json in Resources */,
				419E510D19F998CD0067D31D /* pack_id_8.json in Resources */,
				4117D28F19F7620600516518 /* pack_id_test.json in Resources */,
				419E511D19F998CD0067D31D /* Package-8.json in Resources */,
				419E511719F998CD0067D31D /* Package-2.json in Resources */,
				419E511119F998CD0067D31D /* pack_id_12.json in Resources */,
				419E511B19F998CD0067D31D /* Package-6.json in Resources */,
				419E510A19F998CD0067D31D /* pack_id_5.json in Resources */,
				41614D2419AE77E60020EF58 /* Test2View.xib in Resources */,
				419E512019F998CD0067D31D /* Package-11.json in Resources */,
				419E510B19F998CD0067D31D /* pack_id_6.json in Resources */,
				419E511419F998CD0067D31D /* pack_id_15.json in Resources */,
				419E510F19F998CD0067D31D /* pack_id_10.json in Resources */,
				419E510819F998CD0067D31D /* pack_id_3.json in Resources */,
				419E511519F998CD0067D31D /* pack_id_16.json in Resources */,
			);
			runOnlyForDeploymentPostprocessing = 0;
		};
		41A0634E19A90E7100E400D1 /* Resources */ = {
			isa = PBXResourcesBuildPhase;
			buildActionMask = 2147483647;
			files = (
				41468A3419F6CCB200351A84 /* pack_id_test.json in Resources */,
			);
			runOnlyForDeploymentPostprocessing = 0;
		};
/* End PBXResourcesBuildPhase section */

/* Begin PBXSourcesBuildPhase section */
		41A0633819A90E7000E400D1 /* Sources */ = {
			isa = PBXSourcesBuildPhase;
			buildActionMask = 2147483647;
			files = (
				41614D2A19AFCD7E0020EF58 /* PresentationViewController.swift in Sources */,
				41BAB3001A018FD300800249 /* MainViewController.swift in Sources */,
				4170CE3619FECB0100BD99A4 /* SampleSentenceViewController.swift in Sources */,
				D9D43F3219B8647C00E420B0 /* LearningStage.swift in Sources */,
				41614D1919AE76150020EF58 /* MainTestViewController.swift in Sources */,
				41D415F119AA6E490038EFE6 /* RawPackage.swift in Sources */,
				41614D1D19AE77340020EF58 /* Test.swift in Sources */,
				D9B246C219C5841200E4737C /* LearningPackModel.swift in Sources */,
				41D415E219A9D84F0038EFE6 /* Word.swift in Sources */,
				414F93EB19E267CB002BFDE0 /* ResultViewController.swift in Sources */,
				D9B246C019C583FA00E4737C /* LearningPackController.swift in Sources */,
				D97E88E619F52D1900B7FE4E /* Sentence.swift in Sources */,
				41A0634219A90E7100E400D1 /* AppDelegate.swift in Sources */,
				41614D2619AE77F60020EF58 /* Test2ViewController.swift in Sources */,
				D92B013519D99E9400CE11A8 /* ArrayExtension.swift in Sources */,
				D961BE2F19AF3E3A009EDE25 /* TestBaseViewController.swift in Sources */,
				41D415E519A9D8CE0038EFE6 /* LearnerController.swift in Sources */,
				D958A80E19C9A27000964C3D /* DocumentHelper.swift in Sources */,
				41BAB3021A01926A00800249 /* MainTableCellTableViewCell.swift in Sources */,
				41B2D0EC1A00CDF000D46EFE /* DateExtention.swift in Sources */,
				D97E88EE19F5438D00B7FE4E /* JSONHelper.swift in Sources */,
				4170CE3A19FED03F00BD99A4 /* WordPresentationViewController.swift in Sources */,
				41614D2119AE77A40020EF58 /* Test1ViewController.swift in Sources */,
			);
			runOnlyForDeploymentPostprocessing = 0;
		};
		41A0634C19A90E7100E400D1 /* Sources */ = {
			isa = PBXSourcesBuildPhase;
			buildActionMask = 2147483647;
			files = (
				41D415E719A9DF140038EFE6 /* LeanerControllerTests.swift in Sources */,
				41D1E3CA19BF8FFB001E86F3 /* WordTests.swift in Sources */,
				41EA254E19AA877B0045402E /* RawPackage.swift in Sources */,
				D97E88F419F5526300B7FE4E /* jsonHelperTests.swift in Sources */,
				41EA254F19AB05EC0045402E /* Word.swift in Sources */,
				D97E88F519F5528100B7FE4E /* JSONHelper.swift in Sources */,
				D9B246C319C5E7FF00E4737C /* LearningPackModel.swift in Sources */,
				41A0635719A90E7100E400D1 /* SunflowerTests.swift in Sources */,
				41EA254D19AA876B0045402E /* LearnerController.swift in Sources */,
				D9FD437919B0CDB900984399 /* Test.swift in Sources */,
				D958A80F19C9A44B00964C3D /* DocumentHelper.swift in Sources */,
				D9B246C419C5E8B500E4737C /* LearningPackController.swift in Sources */,
				D9D43F3319B8655C00E420B0 /* LearningStage.swift in Sources */,
				D97E88E719F5410400B7FE4E /* Sentence.swift in Sources */,
				D92B013719D9A0BF00CE11A8 /* ArrayExtension.swift in Sources */,
			);
			runOnlyForDeploymentPostprocessing = 0;
		};
/* End PBXSourcesBuildPhase section */

/* Begin PBXTargetDependency section */
		41A0635219A90E7100E400D1 /* PBXTargetDependency */ = {
			isa = PBXTargetDependency;
			target = 41A0633B19A90E7000E400D1 /* Sunflower */;
			targetProxy = 41A0635119A90E7100E400D1 /* PBXContainerItemProxy */;
		};
/* End PBXTargetDependency section */

/* Begin PBXVariantGroup section */
		41A0634719A90E7100E400D1 /* Main.storyboard */ = {
			isa = PBXVariantGroup;
			children = (
				41A0634819A90E7100E400D1 /* Base */,
			);
			name = Main.storyboard;
			sourceTree = "<group>";
		};
/* End PBXVariantGroup section */

/* Begin XCBuildConfiguration section */
		41A0635819A90E7100E400D1 /* Debug */ = {
			isa = XCBuildConfiguration;
			buildSettings = {
				ALWAYS_SEARCH_USER_PATHS = NO;
				CLANG_CXX_LANGUAGE_STANDARD = "gnu++0x";
				CLANG_CXX_LIBRARY = "libc++";
				CLANG_ENABLE_MODULES = YES;
				CLANG_ENABLE_OBJC_ARC = YES;
				CLANG_WARN_BOOL_CONVERSION = YES;
				CLANG_WARN_CONSTANT_CONVERSION = YES;
				CLANG_WARN_DIRECT_OBJC_ISA_USAGE = YES_ERROR;
				CLANG_WARN_EMPTY_BODY = YES;
				CLANG_WARN_ENUM_CONVERSION = YES;
				CLANG_WARN_INT_CONVERSION = YES;
				CLANG_WARN_OBJC_ROOT_CLASS = YES_ERROR;
				CLANG_WARN_UNREACHABLE_CODE = YES;
				CLANG_WARN__DUPLICATE_METHOD_MATCH = YES;
				"CODE_SIGN_IDENTITY[sdk=iphoneos*]" = "iPhone Developer";
				COPY_PHASE_STRIP = NO;
				ENABLE_STRICT_OBJC_MSGSEND = YES;
				GCC_C_LANGUAGE_STANDARD = gnu99;
				GCC_DYNAMIC_NO_PIC = NO;
				GCC_OPTIMIZATION_LEVEL = 0;
				GCC_PREPROCESSOR_DEFINITIONS = (
					"DEBUG=1",
					"$(inherited)",
				);
				GCC_SYMBOLS_PRIVATE_EXTERN = NO;
				GCC_WARN_64_TO_32_BIT_CONVERSION = YES;
				GCC_WARN_ABOUT_RETURN_TYPE = YES_ERROR;
				GCC_WARN_UNDECLARED_SELECTOR = YES;
				GCC_WARN_UNINITIALIZED_AUTOS = YES_AGGRESSIVE;
				GCC_WARN_UNUSED_FUNCTION = YES;
				GCC_WARN_UNUSED_VARIABLE = YES;
				IPHONEOS_DEPLOYMENT_TARGET = 8.0;
				MTL_ENABLE_DEBUG_INFO = YES;
				ONLY_ACTIVE_ARCH = YES;
				SDKROOT = iphoneos;
				SWIFT_OPTIMIZATION_LEVEL = "-Onone";
			};
			name = Debug;
		};
		41A0635919A90E7100E400D1 /* Release */ = {
			isa = XCBuildConfiguration;
			buildSettings = {
				ALWAYS_SEARCH_USER_PATHS = NO;
				CLANG_CXX_LANGUAGE_STANDARD = "gnu++0x";
				CLANG_CXX_LIBRARY = "libc++";
				CLANG_ENABLE_MODULES = YES;
				CLANG_ENABLE_OBJC_ARC = YES;
				CLANG_WARN_BOOL_CONVERSION = YES;
				CLANG_WARN_CONSTANT_CONVERSION = YES;
				CLANG_WARN_DIRECT_OBJC_ISA_USAGE = YES_ERROR;
				CLANG_WARN_EMPTY_BODY = YES;
				CLANG_WARN_ENUM_CONVERSION = YES;
				CLANG_WARN_INT_CONVERSION = YES;
				CLANG_WARN_OBJC_ROOT_CLASS = YES_ERROR;
				CLANG_WARN_UNREACHABLE_CODE = YES;
				CLANG_WARN__DUPLICATE_METHOD_MATCH = YES;
				"CODE_SIGN_IDENTITY[sdk=iphoneos*]" = "iPhone Developer";
				COPY_PHASE_STRIP = YES;
				ENABLE_NS_ASSERTIONS = NO;
				ENABLE_STRICT_OBJC_MSGSEND = YES;
				GCC_C_LANGUAGE_STANDARD = gnu99;
				GCC_WARN_64_TO_32_BIT_CONVERSION = YES;
				GCC_WARN_ABOUT_RETURN_TYPE = YES_ERROR;
				GCC_WARN_UNDECLARED_SELECTOR = YES;
				GCC_WARN_UNINITIALIZED_AUTOS = YES_AGGRESSIVE;
				GCC_WARN_UNUSED_FUNCTION = YES;
				GCC_WARN_UNUSED_VARIABLE = YES;
				IPHONEOS_DEPLOYMENT_TARGET = 8.0;
				MTL_ENABLE_DEBUG_INFO = NO;
				SDKROOT = iphoneos;
				VALIDATE_PRODUCT = YES;
			};
			name = Release;
		};
		41A0635B19A90E7100E400D1 /* Debug */ = {
			isa = XCBuildConfiguration;
			buildSettings = {
				ASSETCATALOG_COMPILER_APPICON_NAME = AppIcon;
				ASSETCATALOG_COMPILER_LAUNCHIMAGE_NAME = LaunchImage;
				INFOPLIST_FILE = Sunflower/Info.plist;
				LD_RUNPATH_SEARCH_PATHS = "$(inherited) @executable_path/Frameworks";
				PRODUCT_NAME = "$(TARGET_NAME)";
			};
			name = Debug;
		};
		41A0635C19A90E7100E400D1 /* Release */ = {
			isa = XCBuildConfiguration;
			buildSettings = {
				ASSETCATALOG_COMPILER_APPICON_NAME = AppIcon;
				ASSETCATALOG_COMPILER_LAUNCHIMAGE_NAME = LaunchImage;
				INFOPLIST_FILE = Sunflower/Info.plist;
				LD_RUNPATH_SEARCH_PATHS = "$(inherited) @executable_path/Frameworks";
				PRODUCT_NAME = "$(TARGET_NAME)";
			};
			name = Release;
		};
		41A0635E19A90E7100E400D1 /* Debug */ = {
			isa = XCBuildConfiguration;
			buildSettings = {
				BUNDLE_LOADER = "$(TEST_HOST)";
				FRAMEWORK_SEARCH_PATHS = (
					"$(SDKROOT)/Developer/Library/Frameworks",
					"$(inherited)",
				);
				GCC_PREPROCESSOR_DEFINITIONS = (
					"DEBUG=1",
					"$(inherited)",
				);
				INFOPLIST_FILE = SunflowerTests/Info.plist;
				LD_RUNPATH_SEARCH_PATHS = "$(inherited) @executable_path/Frameworks @loader_path/Frameworks";
				PRODUCT_NAME = "$(TARGET_NAME)";
				TEST_HOST = "$(BUILT_PRODUCTS_DIR)/Sunflower.app/Sunflower";
			};
			name = Debug;
		};
		41A0635F19A90E7100E400D1 /* Release */ = {
			isa = XCBuildConfiguration;
			buildSettings = {
				BUNDLE_LOADER = "$(TEST_HOST)";
				FRAMEWORK_SEARCH_PATHS = (
					"$(SDKROOT)/Developer/Library/Frameworks",
					"$(inherited)",
				);
				INFOPLIST_FILE = SunflowerTests/Info.plist;
				LD_RUNPATH_SEARCH_PATHS = "$(inherited) @executable_path/Frameworks @loader_path/Frameworks";
				PRODUCT_NAME = "$(TARGET_NAME)";
				TEST_HOST = "$(BUILT_PRODUCTS_DIR)/Sunflower.app/Sunflower";
			};
			name = Release;
		};
/* End XCBuildConfiguration section */

/* Begin XCConfigurationList section */
		41A0633719A90E7000E400D1 /* Build configuration list for PBXProject "Sunflower" */ = {
			isa = XCConfigurationList;
			buildConfigurations = (
				41A0635819A90E7100E400D1 /* Debug */,
				41A0635919A90E7100E400D1 /* Release */,
			);
			defaultConfigurationIsVisible = 0;
			defaultConfigurationName = Release;
		};
		41A0635A19A90E7100E400D1 /* Build configuration list for PBXNativeTarget "Sunflower" */ = {
			isa = XCConfigurationList;
			buildConfigurations = (
				41A0635B19A90E7100E400D1 /* Debug */,
				41A0635C19A90E7100E400D1 /* Release */,
			);
			defaultConfigurationIsVisible = 0;
			defaultConfigurationName = Release;
		};
		41A0635D19A90E7100E400D1 /* Build configuration list for PBXNativeTarget "SunflowerTests" */ = {
			isa = XCConfigurationList;
			buildConfigurations = (
				41A0635E19A90E7100E400D1 /* Debug */,
				41A0635F19A90E7100E400D1 /* Release */,
			);
			defaultConfigurationIsVisible = 0;
			defaultConfigurationName = Release;
		};
/* End XCConfigurationList section */
	};
	rootObject = 41A0633419A90E7000E400D1 /* Project object */;
}
